
Microsoft Visual Studio Solution File, Format Version 12.00
# Visual Studio 15
Project("{FAE04EC0-301F-11D3-BF4B-00C04F79EFBC}") = "routine-api", "routine-api\routine-api.csproj", "{10374158-5033-4808-8F7A-6DD21493C6B7}"
EndProject
Project("{FAE04EC0-301F-11D3-BF4B-00C04F79EFBC}") = "demo-routines", "demo-routines\demo-routines.csproj", "{3AC94F71-1A99-45E8-869F-401A913ABF0E}"
EndProject
Global
	GlobalSection(SolutionConfigurationPlatforms) = preSolution
		Debug|Any CPU = Debug|Any CPU
		Release|Any CPU = Release|Any CPU
	EndGlobalSection
	GlobalSection(ProjectConfigurationPlatforms) = postSolution
		{10374158-5033-4808-8F7A-6DD21493C6B7}.Debug|Any CPU.ActiveCfg = Debug|Any CPU
		{10374158-5033-4808-8F7A-6DD21493C6B7}.Debug|Any CPU.Build.0 = Debug|Any CPU
		{10374158-5033-4808-8F7A-6DD21493C6B7}.Release|Any CPU.ActiveCfg = Release|Any CPU
		{10374158-5033-4808-8F7A-6DD21493C6B7}.Release|Any CPU.Build.0 = Release|Any CPU
		{3AC94F71-1A99-45E8-869F-401A913ABF0E}.Debug|Any CPU.ActiveCfg = Debug|Any CPU
		{3AC94F71-1A99-45E8-869F-401A913ABF0E}.Debug|Any CPU.Build.0 = Debug|Any CPU
		{3AC94F71-1A99-45E8-869F-401A913ABF0E}.Release|Any CPU.ActiveCfg = Release|Any CPU
		{3AC94F71-1A99-45E8-869F-401A913ABF0E}.Release|Any CPU.Build.0 = Release|Any CPU
	EndGlobalSection
EndGlobal
